PODS:
  - Flutter (1.0.0)
  - mad_pay_ios (0.0.1):
    - Flutter
    - SwiftProtobuf (~> 1.15)
  - SwiftProtobuf (1.20.2)

DEPENDENCIES:
  - Flutter (from `Flutter`)
  - mad_pay_ios (from `.symlinks/plugins/mad_pay_ios/ios`)

SPEC REPOS:
  trunk:
    - SwiftProtobuf

EXTERNAL SOURCES:
  Flutter:
    :path: Flutter
  mad_pay_ios:
    :path: ".symlinks/plugins/mad_pay_ios/ios"

SPEC CHECKSUMS:
  Flutter: e0871f40cf51350855a761d2e70bf5af5b9b5de7
  mad_pay_ios: 132f4c166867ee48a1b45efc161c4267bbd514b4
  SwiftProtobuf: 9f458aaa7844a2fc0b910053e66578bc4e2da9c1

PODFILE CHECKSUM: c4c93c5f6502fe2754f48404d3594bf779584011

COCOAPODS: 1.16.2
